// !$*UTF8*$!
{
	archiveVersion = 1;
	classes = {
	};
	objectVersion = 46;
	objects = {

/* Begin PBXBuildFile section */
		2F557BD11F0A936500F23D56 /* main.m in Sources */ = {isa = PBXBuildFile; fileRef = 2F557BD01F0A936500F23D56 /* main.m */; };
		2F557BD41F0A936500F23D56 /* AppDelegate.m in Sources */ = {isa = PBXBuildFile; fileRef = 2F557BD31F0A936500F23D56 /* AppDelegate.m */; };
		2F557BD71F0A936500F23D56 /* ViewController.m in Sources */ = {isa = PBXBuildFile; fileRef = 2F557BD61F0A936500F23D56 /* ViewController.m */; };
		2F557BDA1F0A936500F23D56 /* Main.storyboard in Resources */ = {isa = PBXBuildFile; fileRef = 2F557BD81F0A936500F23D56 /* Main.storyboard */; };
		2F557BDC1F0A936500F23D56 /* Assets.xcassets in Resources */ = {isa = PBXBuildFile; fileRef = 2F557BDB1F0A936500F23D56 /* Assets.xcassets */; };
		2F557BDF1F0A936500F23D56 /* LaunchScreen.storyboard in Resources */ = {isa = PBXBuildFile; fileRef = 2F557BDD1F0A936500F23D56 /* LaunchScreen.storyboard */; };
		2F557BEA1F0A936500F23D56 /* MyJenkinsTestAppTests.m in Sources */ = {isa = PBXBuildFile; fileRef = 2F557BE91F0A936500F23D56 /* MyJenkinsTestAppTests.m */; };
		2F557BF51F0A936500F23D56 /* MyJenkinsTestAppUITests.m in Sources */ = {isa = PBXBuildFile; fileRef = 2F557BF41F0A936500F23D56 /* MyJenkinsTestAppUITests.m */; };
/* End PBXBuildFile section */

/* Begin PBXContainerItemProxy section */
		2F557BE61F0A936500F23D56 /* PBXContainerItemProxy */ = {
			isa = PBXContainerItemProxy;
			containerPortal = 2F557BC41F0A936500F23D56 /* Project object */;
			proxyType = 1;
			remoteGlobalIDString = 2F557BCB1F0A936500F23D56;
			remoteInfo = MyJenkinsTestApp;
		};
		2F557BF11F0A936500F23D56 /* PBXContainerItemProxy */ = {
			isa = PBXContainerItemProxy;
			containerPortal = 2F557BC41F0A936500F23D56 /* Project object */;
			proxyType = 1;
			remoteGlobalIDString = 2F557BCB1F0A936500F23D56;
			remoteInfo = MyJenkinsTestApp;
		};
/* End PBXContainerItemProxy section */

/* Begin PBXFileReference section */
		2F557BCC1F0A936500F23D56 /* MyJenkinsTestApp.app */ = {isa = PBXFileReference; explicitFileType = wrapper.application; includeInIndex = 0; path = MyJenkinsTestApp.app; sourceTree = BUILT_PRODUCTS_DIR; };
		2F557BD01F0A936500F23D56 /* main.m */ = {isa = PBXFileReference; lastKnownFileType = sourcecode.c.objc; path = main.m; sourceTree = "<group>"; };
		2F557BD21F0A936500F23D56 /* AppDelegate.h */ = {isa = PBXFileReference; lastKnownFileType = sourcecode.c.h; path = AppDelegate.h; sourceTree = "<group>"; };
		2F557BD31F0A936500F23D56 /* AppDelegate.m */ = {isa = PBXFileReference; lastKnownFileType = sourcecode.c.objc; path = AppDelegate.m; sourceTree = "<group>"; };
		2F557BD51F0A936500F23D56 /* ViewController.h */ = {isa = PBXFileReference; lastKnownFileType = sourcecode.c.h; path = ViewController.h; sourceTree = "<group>"; };
		2F557BD61F0A936500F23D56 /* ViewController.m */ = {isa = PBXFileReference; lastKnownFileType = sourcecode.c.objc; path = ViewController.m; sourceTree = "<group>"; };
		2F557BD91F0A936500F23D56 /* Base */ = {isa = PBXFileReference; lastKnownFileType = file.storyboard; name = Base; path = Base.lproj/Main.storyboard; sourceTree = "<group>"; };
		2F557BDB1F0A936500F23D56 /* Assets.xcassets */ = {isa = PBXFileReference; lastKnownFileType = folder.assetcatalog; path = Assets.xcassets; sourceTree = "<group>"; };
		2F557BDE1F0A936500F23D56 /* Base */ = {isa = PBXFileReference; lastKnownFileType = file.storyboard; name = Base; path = Base.lproj/LaunchScreen.storyboard; sourceTree = "<group>"; };
		2F557BE01F0A936500F23D56 /* Info.plist */ = {isa = PBXFileReference; lastKnownFileType = text.plist.xml; path = Info.plist; sourceTree = "<group>"; };
		2F557BE51F0A936500F23D56 /* MyJenkinsTestAppTests.xctest */ = {isa = PBXFileReference; explicitFileType = wrapper.cfbundle; includeInIndex = 0; path = MyJenkinsTestAppTests.xctest; sourceTree = BUILT_PRODUCTS_DIR; };
		2F557BE91F0A936500F23D56 /* MyJenkinsTestAppTests.m */ = {isa = PBXFileReference; lastKnownFileType = sourcecode.c.objc; path = MyJenkinsTestAppTests.m; sourceTree = "<group>"; };
		2F557BEB1F0A936500F23D56 /* Info.plist */ = {isa = PBXFileReference; lastKnownFileType = text.plist.xml; path = Info.plist; sourceTree = "<group>"; };
		2F557BF01F0A936500F23D56 /* MyJenkinsTestAppUITests.xctest */ = {isa = PBXFileReference; explicitFileType = wrapper.cfbundle; includeInIndex = 0; path = MyJenkinsTestAppUITests.xctest; sourceTree = BUILT_PRODUCTS_DIR; };
		2F557BF41F0A936500F23D56 /* MyJenkinsTestAppUITests.m */ = {isa = PBXFileReference; lastKnownFileType = sourcecode.c.objc; path = MyJenkinsTestAppUITests.m; sourceTree = "<group>"; };
		2F557BF61F0A936500F23D56 /* Info.plist */ = {isa = PBXFileReference; lastKnownFileType = text.plist.xml; path = Info.plist; sourceTree = "<group>"; };
/* End PBXFileReference section */

/* Begin PBXFrameworksBuildPhase section */
		2F557BC91F0A936500F23D56 /* Frameworks */ = {
			isa = PBXFrameworksBuildPhase;
			buildActionMask = 2147483647;
			files = (
			);
			runOnlyForDeploymentPostprocessing = 0;
		};
		2F557BE21F0A936500F23D56 /* Frameworks */ = {
			isa = PBXFrameworksBuildPhase;
			buildActionMask = 2147483647;
			files = (
			);
			runOnlyForDeploymentPostprocessing = 0;
		};
		2F557BED1F0A936500F23D56 /* Frameworks */ = {
			isa = PBXFrameworksBuildPhase;
			buildActionMask = 2147483647;
			files = (
			);
			runOnlyForDeploymentPostprocessing = 0;
		};
/* End PBXFrameworksBuildPhase section */

/* Begin PBXGroup section */
		2F557BC31F0A936500F23D56 = {
			isa = PBXGroup;
			children = (
				2F557BCE1F0A936500F23D56 /* MyJenkinsTestApp */,
				2F557BE81F0A936500F23D56 /* MyJenkinsTestAppTests */,
				2F557BF31F0A936500F23D56 /* MyJenkinsTestAppUITests */,
				2F557BCD1F0A936500F23D56 /* Products */,
			);
			sourceTree = "<group>";
		};
		2F557BCD1F0A936500F23D56 /* Products */ = {
			isa = PBXGroup;
			children = (
				2F557BCC1F0A936500F23D56 /* MyJenkinsTestApp.app */,
				2F557BE51F0A936500F23D56 /* MyJenkinsTestAppTests.xctest */,
				2F557BF01F0A936500F23D56 /* MyJenkinsTestAppUITests.xctest */,
			);
			name = Products;
			sourceTree = "<group>";
		};
		2F557BCE1F0A936500F23D56 /* MyJenkinsTestApp */ = {
			isa = PBXGroup;
			children = (
				2F557BD21F0A936500F23D56 /* AppDelegate.h */,
				2F557BD31F0A936500F23D56 /* AppDelegate.m */,
				2F557BD51F0A936500F23D56 /* ViewController.h */,
				2F557BD61F0A936500F23D56 /* ViewController.m */,
				2F557BD81F0A936500F23D56 /* Main.storyboard */,
				2F557BDB1F0A936500F23D56 /* Assets.xcassets */,
				2F557BDD1F0A936500F23D56 /* LaunchScreen.storyboard */,
				2F557BE01F0A936500F23D56 /* Info.plist */,
				2F557BCF1F0A936500F23D56 /* Supporting Files */,
			);
			path = MyJenkinsTestApp;
			sourceTree = "<group>";
		};
		2F557BCF1F0A936500F23D56 /* Supporting Files */ = {
			isa = PBXGroup;
			children = (
				2F557BD01F0A936500F23D56 /* main.m */,
			);
			name = "Supporting Files";
			sourceTree = "<group>";
		};
		2F557BE81F0A936500F23D56 /* MyJenkinsTestAppTests */ = {
			isa = PBXGroup;
			children = (
				2F557BE91F0A936500F23D56 /* MyJenkinsTestAppTests.m */,
				2F557BEB1F0A936500F23D56 /* Info.plist */,
			);
			path = MyJenkinsTestAppTests;
			sourceTree = "<group>";
		};
		2F557BF31F0A936500F23D56 /* MyJenkinsTestAppUITests */ = {
			isa = PBXGroup;
			children = (
				2F557BF41F0A936500F23D56 /* MyJenkinsTestAppUITests.m */,
				2F557BF61F0A936500F23D56 /* Info.plist */,
			);
			path = MyJenkinsTestAppUITests;
			sourceTree = "<group>";
		};
/* End PBXGroup section */

/* Begin PBXNativeTarget section */
		2F557BCB1F0A936500F23D56 /* MyJenkinsTestApp */ = {
			isa = PBXNativeTarget;
			buildConfigurationList = 2F557BF91F0A936500F23D56 /* Build configuration list for PBXNativeTarget "MyJenkinsTestApp" */;
			buildPhases = (
				2F557BC81F0A936500F23D56 /* Sources */,
				2F557BC91F0A936500F23D56 /* Frameworks */,
				2F557BCA1F0A936500F23D56 /* Resources */,
			);
			buildRules = (
			);
			dependencies = (
			);
			name = MyJenkinsTestApp;
			productName = MyJenkinsTestApp;
			productReference = 2F557BCC1F0A936500F23D56 /* MyJenkinsTestApp.app */;
			productType = "com.apple.product-type.application";
		};
		2F557BE41F0A936500F23D56 /* MyJenkinsTestAppTests */ = {
			isa = PBXNativeTarget;
			buildConfigurationList = 2F557BFC1F0A936500F23D56 /* Build configuration list for PBXNativeTarget "MyJenkinsTestAppTests" */;
			buildPhases = (
				2F557BE11F0A936500F23D56 /* Sources */,
				2F557BE21F0A936500F23D56 /* Frameworks */,
				2F557BE31F0A936500F23D56 /* Resources */,
			);
			buildRules = (
			);
			dependencies = (
				2F557BE71F0A936500F23D56 /* PBXTargetDependency */,
			);
			name = MyJenkinsTestAppTests;
			productName = MyJenkinsTestAppTests;
			productReference = 2F557BE51F0A936500F23D56 /* MyJenkinsTestAppTests.xctest */;
			productType = "com.apple.product-type.bundle.unit-test";
		};
		2F557BEF1F0A936500F23D56 /* MyJenkinsTestAppUITests */ = {
			isa = PBXNativeTarget;
			buildConfigurationList = 2F557BFF1F0A936500F23D56 /* Build configuration list for PBXNativeTarget "MyJenkinsTestAppUITests" */;
			buildPhases = (
				2F557BEC1F0A936500F23D56 /* Sources */,
				2F557BED1F0A936500F23D56 /* Frameworks */,
				2F557BEE1F0A936500F23D56 /* Resources */,
			);
			buildRules = (
			);
			dependencies = (
				2F557BF21F0A936500F23D56 /* PBXTargetDependency */,
			);
			name = MyJenkinsTestAppUITests;
			productName = MyJenkinsTestAppUITests;
			productReference = 2F557BF01F0A936500F23D56 /* MyJenkinsTestAppUITests.xctest */;
			productType = "com.apple.product-type.bundle.ui-testing";
		};
/* End PBXNativeTarget section */

/* Begin PBXProject section */
		2F557BC41F0A936500F23D56 /* Project object */ = {
			isa = PBXProject;
			attributes = {
				LastUpgradeCheck = 0830;
				ORGANIZATIONNAME = Home;
				TargetAttributes = {
					2F557BCB1F0A936500F23D56 = {
						CreatedOnToolsVersion = 8.3.2;
						DevelopmentTeam = PFD3CTU7J8;
						ProvisioningStyle = Automatic;
					};
					2F557BE41F0A936500F23D56 = {
						CreatedOnToolsVersion = 8.3.2;
						DevelopmentTeam = PFD3CTU7J8;
						ProvisioningStyle = Automatic;
						TestTargetID = 2F557BCB1F0A936500F23D56;
					};
					2F557BEF1F0A936500F23D56 = {
						CreatedOnToolsVersion = 8.3.2;
						DevelopmentTeam = PFD3CTU7J8;
						ProvisioningStyle = Automatic;
						TestTargetID = 2F557BCB1F0A936500F23D56;
					};
				};
			};
			buildConfigurationList = 2F557BC71F0A936500F23D56 /* Build configuration list for PBXProject "MyJenkinsTestApp" */;
			compatibilityVersion = "Xcode 3.2";
			developmentRegion = English;
			hasScannedForEncodings = 0;
			knownRegions = (
				en,
				Base,
			);
			mainGroup = 2F557BC31F0A936500F23D56;
			productRefGroup = 2F557BCD1F0A936500F23D56 /* Products */;
			projectDirPath = "";
			projectRoot = "";
			targets = (
				2F557BCB1F0A936500F23D56 /* MyJenkinsTestApp */,
				2F557BE41F0A936500F23D56 /* MyJenkinsTestAppTests */,
				2F557BEF1F0A936500F23D56 /* MyJenkinsTestAppUITests */,
			);
		};
/* End PBXProject section */

/* Begin PBXResourcesBuildPhase section */
		2F557BCA1F0A936500F23D56 /* Resources */ = {
			isa = PBXResourcesBuildPhase;
			buildActionMask = 2147483647;
			files = (
				2F557BDF1F0A936500F23D56 /* LaunchScreen.storyboard in Resources */,
				2F557BDC1F0A936500F23D56 /* Assets.xcassets in Resources */,
				2F557BDA1F0A936500F23D56 /* Main.storyboard in Resources */,
			);
			runOnlyForDeploymentPostprocessing = 0;
		};
		2F557BE31F0A936500F23D56 /* Resources */ = {
			isa = PBXResourcesBuildPhase;
			buildActionMask = 2147483647;
			files = (
			);
			runOnlyForDeploymentPostprocessing = 0;
		};
		2F557BEE1F0A936500F23D56 /* Resources */ = {
			isa = PBXResourcesBuildPhase;
			buildActionMask = 2147483647;
			files = (
			);
			runOnlyForDeploymentPostprocessing = 0;
		};
/* End PBXResourcesBuildPhase section */

/* Begin PBXSourcesBuildPhase section */
		2F557BC81F0A936500F23D56 /* Sources */ = {
			isa = PBXSourcesBuildPhase;
			buildActionMask = 2147483647;
			files = (
				2F557BD71F0A936500F23D56 /* ViewController.m in Sources */,
				2F557BD41F0A936500F23D56 /* AppDelegate.m in Sources */,
				2F557BD11F0A936500F23D56 /* main.m in Sources */,
			);
			runOnlyForDeploymentPostprocessing = 0;
		};
		2F557BE11F0A936500F23D56 /* Sources */ = {
			isa = PBXSourcesBuildPhase;
			buildActionMask = 2147483647;
			files = (
				2F557BEA1F0A936500F23D56 /* MyJenkinsTestAppTests.m in Sources */,
			);
			runOnlyForDeploymentPostprocessing = 0;
		};
		2F557BEC1F0A936500F23D56 /* Sources */ = {
			isa = PBXSourcesBuildPhase;
			buildActionMask = 2147483647;
			files = (
				2F557BF51F0A936500F23D56 /* MyJenkinsTestAppUITests.m in Sources */,
			);
			runOnlyForDeploymentPostprocessing = 0;
		};
/* End PBXSourcesBuildPhase section */

/* Begin PBXTargetDependency section */
		2F557BE71F0A936500F23D56 /* PBXTargetDependency */ = {
			isa = PBXTargetDependency;
			target = 2F557BCB1F0A936500F23D56 /* MyJenkinsTestApp */;
			targetProxy = 2F557BE61F0A936500F23D56 /* PBXContainerItemProxy */;
		};
		2F557BF21F0A936500F23D56 /* PBXTargetDependency */ = {
			isa = PBXTargetDependency;
			target = 2F557BCB1F0A936500F23D56 /* MyJenkinsTestApp */;
			targetProxy = 2F557BF11F0A936500F23D56 /* PBXContainerItemProxy */;
		};
/* End PBXTargetDependency section */

/* Begin PBXVariantGroup section */
		2F557BD81F0A936500F23D56 /* Main.storyboard */ = {
			isa = PBXVariantGroup;
			children = (
				2F557BD91F0A936500F23D56 /* Base */,
			);
			name = Main.storyboard;
			sourceTree = "<group>";
		};
		2F557BDD1F0A936500F23D56 /* LaunchScreen.storyboard */ = {
			isa = PBXVariantGroup;
			children = (
				2F557BDE1F0A936500F23D56 /* Base */,
			);
			name = LaunchScreen.storyboard;
			sourceTree = "<group>";
		};
/* End PBXVariantGroup section */

/* Begin XCBuildConfiguration section */
		2F557BF71F0A936500F23D56 /* Debug */ = {
			isa = XCBuildConfiguration;
			buildSettings = {
				ALWAYS_SEARCH_USER_PATHS = NO;
				CLANG_ANALYZER_NONNULL = YES;
				CLANG_ANALYZER_NUMBER_OBJECT_CONVERSION = YES_AGGRESSIVE;
				CLANG_CXX_LANGUAGE_STANDARD = "gnu++0x";
				CLANG_CXX_LIBRARY = "libc++";
				CLANG_ENABLE_MODULES = YES;
				CLANG_ENABLE_OBJC_ARC = YES;
				CLANG_WARN_BOOL_CONVERSION = YES;
				CLANG_WARN_CONSTANT_CONVERSION = YES;
				CLANG_WARN_DIRECT_OBJC_ISA_USAGE = YES_ERROR;
				CLANG_WARN_DOCUMENTATION_COMMENTS = YES;
				CLANG_WARN_EMPTY_BODY = YES;
				CLANG_WARN_ENUM_CONVERSION = YES;
				CLANG_WARN_INFINITE_RECURSION = YES;
				CLANG_WARN_INT_CONVERSION = YES;
				CLANG_WARN_OBJC_ROOT_CLASS = YES_ERROR;
				CLANG_WARN_SUSPICIOUS_MOVE = YES;
				CLANG_WARN_UNREACHABLE_CODE = YES;
				CLANG_WARN__DUPLICATE_METHOD_MATCH = YES;
				"CODE_SIGN_IDENTITY[sdk=iphoneos*]" = "iPhone Developer";
				COPY_PHASE_STRIP = NO;
				DEBUG_INFORMATION_FORMAT = dwarf;
				ENABLE_STRICT_OBJC_MSGSEND = YES;
				ENABLE_TESTABILITY = YES;
				GCC_C_LANGUAGE_STANDARD = gnu99;
				GCC_DYNAMIC_NO_PIC = NO;
				GCC_NO_COMMON_BLOCKS = YES;
				GCC_OPTIMIZATION_LEVEL = 0;
				GCC_PREPROCESSOR_DEFINITIONS = (
					"DEBUG=1",
					"$(inherited)",
				);
				GCC_WARN_64_TO_32_BIT_CONVERSION = YES;
				GCC_WARN_ABOUT_RETURN_TYPE = YES_ERROR;
				GCC_WARN_UNDECLARED_SELECTOR = YES;
				GCC_WARN_UNINITIALIZED_AUTOS = YES_AGGRESSIVE;
				GCC_WARN_UNUSED_FUNCTION = YES;
				GCC_WARN_UNUSED_VARIABLE = YES;
				IPHONEOS_DEPLOYMENT_TARGET = 10.3;
				MTL_ENABLE_DEBUG_INFO = YES;
				ONLY_ACTIVE_ARCH = YES;
				SDKROOT = iphoneos;
				TARGETED_DEVICE_FAMILY = "1,2";
			};
			name = Debug;
		};
		2F557BF81F0A936500F23D56 /* Release */ = {
			isa = XCBuildConfiguration;
			buildSettings = {
				ALWAYS_SEARCH_USER_PATHS = NO;
				CLANG_ANALYZER_NONNULL = YES;
				CLANG_ANALYZER_NUMBER_OBJECT_CONVERSION = YES_AGGRESSIVE;
				CLANG_CXX_LANGUAGE_STANDARD = "gnu++0x";
				CLANG_CXX_LIBRARY = "libc++";
				CLANG_ENABLE_MODULES = YES;
				CLANG_ENABLE_OBJC_ARC = YES;
				CLANG_WARN_BOOL_CONVERSION = YES;
				CLANG_WARN_CONSTANT_CONVERSION = YES;
				CLANG_WARN_DIRECT_OBJC_ISA_USAGE = YES_ERROR;
				CLANG_WARN_DOCUMENTATION_COMMENTS = YES;
				CLANG_WARN_EMPTY_BODY = YES;
				CLANG_WARN_ENUM_CONVERSION = YES;
				CLANG_WARN_INFINITE_RECURSION = YES;
				CLANG_WARN_INT_CONVERSION = YES;
				CLANG_WARN_OBJC_ROOT_CLASS = YES_ERROR;
				CLANG_WARN_SUSPICIOUS_MOVE = YES;
				CLANG_WARN_UNREACHABLE_CODE = YES;
				CLANG_WARN__DUPLICATE_METHOD_MATCH = YES;
				"CODE_SIGN_IDENTITY[sdk=iphoneos*]" = "iPhone Developer";
				COPY_PHASE_STRIP = NO;
				DEBUG_INFORMATION_FORMAT = "dwarf-with-dsym";
				ENABLE_NS_ASSERTIONS = NO;
				ENABLE_STRICT_OBJC_MSGSEND = YES;
				GCC_C_LANGUAGE_STANDARD = gnu99;
				GCC_NO_COMMON_BLOCKS = YES;
				GCC_WARN_64_TO_32_BIT_CONVERSION = YES;
				GCC_WARN_ABOUT_RETURN_TYPE = YES_ERROR;
				GCC_WARN_UNDECLARED_SELECTOR = YES;
				GCC_WARN_UNINITIALIZED_AUTOS = YES_AGGRESSIVE;
				GCC_WARN_UNUSED_FUNCTION = YES;
				GCC_WARN_UNUSED_VARIABLE = YES;
				IPHONEOS_DEPLOYMENT_TARGET = 10.3;
				MTL_ENABLE_DEBUG_INFO = NO;
				SDKROOT = iphoneos;
				TARGETED_DEVICE_FAMILY = "1,2";
				VALIDATE_PRODUCT = YES;
			};
			name = Release;
		};
		2F557BFA1F0A936500F23D56 /* Debug */ = {
			isa = XCBuildConfiguration;
			buildSettings = {
				ASSETCATALOG_COMPILER_APPICON_NAME = AppIcon;
				DEVELOPMENT_TEAM = PFD3CTU7J8;
				INFOPLIST_FILE = MyJenkinsTestApp/Info.plist;
				LD_RUNPATH_SEARCH_PATHS = "$(inherited) @executable_path/Frameworks";
				PRODUCT_BUNDLE_IDENTIFIER = Global.MyJenkinsTestApp;
				PRODUCT_NAME = "$(TARGET_NAME)";
			};
			name = Debug;
		};
		2F557BFB1F0A936500F23D56 /* Release */ = {
			isa = XCBuildConfiguration;
			buildSettings = {
				ASSETCATALOG_COMPILER_APPICON_NAME = AppIcon;
				DEVELOPMENT_TEAM = PFD3CTU7J8;
				INFOPLIST_FILE = MyJenkinsTestApp/Info.plist;
				LD_RUNPATH_SEARCH_PATHS = "$(inherited) @executable_path/Frameworks";
				PRODUCT_BUNDLE_IDENTIFIER = Global.MyJenkinsTestApp;
				PRODUCT_NAME = "$(TARGET_NAME)";
			};
			name = Release;
		};
		2F557BFD1F0A936500F23D56 /* Debug */ = {
			isa = XCBuildConfiguration;
			buildSettings = {
				BUNDLE_LOADER = "$(TEST_HOST)";
				DEVELOPMENT_TEAM = PFD3CTU7J8;
				INFOPLIST_FILE = MyJenkinsTestAppTests/Info.plist;
				LD_RUNPATH_SEARCH_PATHS = "$(inherited) @executable_path/Frameworks @loader_path/Frameworks";
				PRODUCT_BUNDLE_IDENTIFIER = Global.MyJenkinsTestAppTests;
				PRODUCT_NAME = "$(TARGET_NAME)";
				TEST_HOST = "$(BUILT_PRODUCTS_DIR)/MyJenkinsTestApp.app/MyJenkinsTestApp";
			};
			name = Debug;
		};
		2F557BFE1F0A936500F23D56 /* Release */ = {
			isa = XCBuildConfiguration;
			buildSettings = {
				BUNDLE_LOADER = "$(TEST_HOST)";
				DEVELOPMENT_TEAM = PFD3CTU7J8;
				INFOPLIST_FILE = MyJenkinsTestAppTests/Info.plist;
				LD_RUNPATH_SEARCH_PATHS = "$(inherited) @executable_path/Frameworks @loader_path/Frameworks";
				PRODUCT_BUNDLE_IDENTIFIER = Global.MyJenkinsTestAppTests;
				PRODUCT_NAME = "$(TARGET_NAME)";
				TEST_HOST = "$(BUILT_PRODUCTS_DIR)/MyJenkinsTestApp.app/MyJenkinsTestApp";
			};
			name = Release;
		};
		2F557C001F0A936500F23D56 /* Debug */ = {
			isa = XCBuildConfiguration;
			buildSettings = {
				DEVELOPMENT_TEAM = PFD3CTU7J8;
				INFOPLIST_FILE = MyJenkinsTestAppUITests/Info.plist;
				LD_RUNPATH_SEARCH_PATHS = "$(inherited) @executable_path/Frameworks @loader_path/Frameworks";
				PRODUCT_BUNDLE_IDENTIFIER = Global.MyJenkinsTestAppUITests;
				PRODUCT_NAME = "$(TARGET_NAME)";
				TEST_TARGET_NAME = MyJenkinsTestApp;
			};
			name = Debug;
		};
		2F557C011F0A936500F23D56 /* Release */ = {
			isa = XCBuildConfiguration;
			buildSettings = {
				DEVELOPMENT_TEAM = PFD3CTU7J8;
				INFOPLIST_FILE = MyJenkinsTestAppUITests/Info.plist;
				LD_RUNPATH_SEARCH_PATHS = "$(inherited) @executable_path/Frameworks @loader_path/Frameworks";
				PRODUCT_BUNDLE_IDENTIFIER = Global.MyJenkinsTestAppUITests;
				PRODUCT_NAME = "$(TARGET_NAME)";
				TEST_TARGET_NAME = MyJenkinsTestApp;
			};
			name = Release;
		};
/* End XCBuildConfiguration section */

/* Begin XCConfigurationList section */
		2F557BC71F0A936500F23D56 /* Build configuration list for PBXProject "MyJenkinsTestApp" */ = {
			isa = XCConfigurationList;
			buildConfigurations = (
				2F557BF71F0A936500F23D56 /* Debug */,
				2F557BF81F0A936500F23D56 /* Release */,
			);
			defaultConfigurationIsVisible = 0;
			defaultConfigurationName = Release;
		};
		2F557BF91F0A936500F23D56 /* Build configuration list for PBXNativeTarget "MyJenkinsTestApp" */ = {
			isa = XCConfigurationList;
			buildConfigurations = (
				2F557BFA1F0A936500F23D56 /* Debug */,
				2F557BFB1F0A936500F23D56 /* Release */,
			);
			defaultConfigurationIsVisible = 0;
		};
		2F557BFC1F0A936500F23D56 /* Build configuration list for PBXNativeTarget "MyJenkinsTestAppTests" */ = {
			isa = XCConfigurationList;
			buildConfigurations = (
				2F557BFD1F0A936500F23D56 /* Debug */,
				2F557BFE1F0A936500F23D56 /* Release */,
			);
			defaultConfigurationIsVisible = 0;
		};
		2F557BFF1F0A936500F23D56 /* Build configuration list for PBXNativeTarget "MyJenkinsTestAppUITests" */ = {
			isa = XCConfigurationList;
			buildConfigurations = (
				2F557C001F0A936500F23D56 /* Debug */,
				2F557C011F0A936500F23D56 /* Release */,
			);
			defaultConfigurationIsVisible = 0;
		};
/* End XCConfigurationList section */
	};
	rootObject = 2F557BC41F0A936500F23D56 /* Project object */;
}
